
Microsoft Visual Studio Solution File, Format Version 12.00
# Visual Studio Version 17
VisualStudioVersion = 17.11.35312.102
MinimumVisualStudioVersion = 10.0.40219.1
Project("{9A19103F-16F7-4668-BE54-9A1E7A4F7556}") = "ValueType", "ValueType\ValueType.csproj", "{DD73D234-7325-488E-AE02-C84A054A8DC5}"
EndProject
Project("{2150E333-8FDC-42A3-9474-1A3956D46DE8}") = "Solution Items", "Solution Items", "{BF1B75B8-901D-4F7C-AAB0-017FBB312F32}"
	ProjectSection(SolutionItems) = preProject
		.editorconfig = .editorconfig
	EndProjectSection
EndProject
Global
	GlobalSection(SolutionConfigurationPlatforms) = preSolution
		Debug|Any CPU = Debug|Any CPU
		Release|Any CPU = Release|Any CPU
	EndGlobalSection
	GlobalSection(ProjectConfigurationPlatforms) = postSolution
		{DD73D234-7325-488E-AE02-C84A054A8DC5}.Debug|Any CPU.ActiveCfg = Debug|Any CPU
		{DD73D234-7325-488E-AE02-C84A054A8DC5}.Debug|Any CPU.Build.0 = Debug|Any CPU
		{DD73D234-7325-488E-AE02-C84A054A8DC5}.Release|Any CPU.ActiveCfg = Release|Any CPU
		{DD73D234-7325-488E-AE02-C84A054A8DC5}.Release|Any CPU.Build.0 = Release|Any CPU
	EndGlobalSection
	GlobalSection(SolutionProperties) = preSolution
		HideSolutionNode = FALSE
	EndGlobalSection
	GlobalSection(ExtensibilityGlobals) = postSolution
		SolutionGuid = {67B12CD9-763B-4E8E-AE73-E279CCAA3323}
	EndGlobalSection
EndGlobal
